
Microsoft Visual Studio Solution File, Format Version 12.00
# Visual Studio 15
VisualStudioVersion = 15.0.27428.2002
MinimumVisualStudioVersion = 10.0.40219.1
Project("{FAE04EC0-301F-11D3-BF4B-00C04F79EFBC}") = "EmployeeDirectory", "EmployeeDirectory\EmployeeDirectory.csproj", "{99D1C8CC-E9B6-482F-9878-1A750B80E494}"
EndProject
Project("{FAE04EC0-301F-11D3-BF4B-00C04F79EFBC}") = "EmployeeDirectory.Data", "EmployeeDirectory.Data\EmployeeDirectory.Data.csproj", "{02836D46-6E7D-42FF-879B-4EB0E665E2A3}"
EndProject
Project("{FAE04EC0-301F-11D3-BF4B-00C04F79EFBC}") = "EmployeeDirectory.Models", "EmployeeDirectory.Model\EmployeeDirectory.Models.csproj", "{B6A05354-6B2B-43DD-98E0-372FD958DE79}"
EndProject
Global
	GlobalSection(SolutionConfigurationPlatforms) = preSolution
		Debug|Any CPU = Debug|Any CPU
		Release|Any CPU = Release|Any CPU
	EndGlobalSection
	GlobalSection(ProjectConfigurationPlatforms) = postSolution
		{99D1C8CC-E9B6-482F-9878-1A750B80E494}.Debug|Any CPU.ActiveCfg = Debug|Any CPU
		{99D1C8CC-E9B6-482F-9878-1A750B80E494}.Debug|Any CPU.Build.0 = Debug|Any CPU
		{99D1C8CC-E9B6-482F-9878-1A750B80E494}.Release|Any CPU.ActiveCfg = Release|Any CPU
		{99D1C8CC-E9B6-482F-9878-1A750B80E494}.Release|Any CPU.Build.0 = Release|Any CPU
		{02836D46-6E7D-42FF-879B-4EB0E665E2A3}.Debug|Any CPU.ActiveCfg = Debug|Any CPU
		{02836D46-6E7D-42FF-879B-4EB0E665E2A3}.Debug|Any CPU.Build.0 = Debug|Any CPU
		{02836D46-6E7D-42FF-879B-4EB0E665E2A3}.Release|Any CPU.ActiveCfg = Release|Any CPU
		{02836D46-6E7D-42FF-879B-4EB0E665E2A3}.Release|Any CPU.Build.0 = Release|Any CPU
		{B6A05354-6B2B-43DD-98E0-372FD958DE79}.Debug|Any CPU.ActiveCfg = Debug|Any CPU
		{B6A05354-6B2B-43DD-98E0-372FD958DE79}.Debug|Any CPU.Build.0 = Debug|Any CPU
		{B6A05354-6B2B-43DD-98E0-372FD958DE79}.Release|Any CPU.ActiveCfg = Release|Any CPU
		{B6A05354-6B2B-43DD-98E0-372FD958DE79}.Release|Any CPU.Build.0 = Release|Any CPU
	EndGlobalSection
	GlobalSection(SolutionProperties) = preSolution
		HideSolutionNode = FALSE
	EndGlobalSection
	GlobalSection(ExtensibilityGlobals) = postSolution
		SolutionGuid = {8F76DFD4-8D03-4A71-B4E7-F495DC36D1A2}
	EndGlobalSection
EndGlobal
